
Microsoft Visual Studio Solution File, Format Version 11.00
# Visual Studio 2010
Project("{FAE04EC0-301F-11D3-BF4B-00C04F79EFBC}") = "GoogleContactsSync", "GoogleContactsSync\GoogleContactsSync.csproj", "{E43CE572-6694-461D-A4DC-2DB768A7665A}"
EndProject
Project("{930C7802-8A8C-48F9-8165-68863BCCD9DD}") = "GoogleContactsSyncSetup", "GoogleContactsSyncSetup\GoogleContactsSyncSetup.wixproj", "{3E7C9392-5069-4FB1-9548-710E4B19FF3A}"
EndProject
Project("{2150E333-8FDC-42A3-9474-1A3956D46DE8}") = "Solution Items", "Solution Items", "{88049F51-F7BC-454D-A107-1E36FBA8E6DC}"
	ProjectSection(SolutionItems) = preProject
		README.md = README.md
	EndProjectSection
EndProject
Global
	GlobalSection(SolutionConfigurationPlatforms) = preSolution
		Debug|x86 = Debug|x86
		Release|x86 = Release|x86
	EndGlobalSection
	GlobalSection(ProjectConfigurationPlatforms) = postSolution
		{E43CE572-6694-461D-A4DC-2DB768A7665A}.Debug|x86.ActiveCfg = Debug|x86
		{E43CE572-6694-461D-A4DC-2DB768A7665A}.Debug|x86.Build.0 = Debug|x86
		{E43CE572-6694-461D-A4DC-2DB768A7665A}.Release|x86.ActiveCfg = Release|x86
		{E43CE572-6694-461D-A4DC-2DB768A7665A}.Release|x86.Build.0 = Release|x86
		{3E7C9392-5069-4FB1-9548-710E4B19FF3A}.Debug|x86.ActiveCfg = Debug|x86
		{3E7C9392-5069-4FB1-9548-710E4B19FF3A}.Debug|x86.Build.0 = Debug|x86
		{3E7C9392-5069-4FB1-9548-710E4B19FF3A}.Release|x86.ActiveCfg = Release|x86
		{3E7C9392-5069-4FB1-9548-710E4B19FF3A}.Release|x86.Build.0 = Release|x86
	EndGlobalSection
	GlobalSection(SolutionProperties) = preSolution
		HideSolutionNode = FALSE
	EndGlobalSection
	GlobalSection(SubversionScc) = preSolution
		Svn-Managed = True
		Manager = AnkhSVN - Subversion Support for Visual Studio
	EndGlobalSection
EndGlobal
